// !$*UTF8*$!
{
	archiveVersion = 1;
	classes = {
	};
	objectVersion = 56;
	objects = {

/* Begin PBXBuildFile section */
		181DAA112C0AE0CD00298ECC /* DetailEditView.swift in Sources */ = {isa = PBXBuildFile; fileRef = 181DAA102C0AE0CD00298ECC /* DetailEditView.swift */; };
		181DAA132C0AF62000298ECC /* ThemeView.swift in Sources */ = {isa = PBXBuildFile; fileRef = 181DAA122C0AF62000298ECC /* ThemeView.swift */; };
		181DAA152C0B0DB700298ECC /* ThemePicker.swift in Sources */ = {isa = PBXBuildFile; fileRef = 181DAA142C0B0DB700298ECC /* ThemePicker.swift */; };
		18238F072C200463006A1CE3 /* ErrorWrapper.swift in Sources */ = {isa = PBXBuildFile; fileRef = 18238F062C200463006A1CE3 /* ErrorWrapper.swift */; };
		18238F092C2004A2006A1CE3 /* ErrorView.swift in Sources */ = {isa = PBXBuildFile; fileRef = 18238F082C2004A2006A1CE3 /* ErrorView.swift */; };
		18238F0B2C20196A006A1CE3 /* MeetingTimerView.swift in Sources */ = {isa = PBXBuildFile; fileRef = 18238F0A2C20196A006A1CE3 /* MeetingTimerView.swift */; };
		18238F122C203A69006A1CE3 /* SpeakerArc.swift in Sources */ = {isa = PBXBuildFile; fileRef = 18238F112C203A69006A1CE3 /* SpeakerArc.swift */; };
		188CB7A82C26B12700A6F265 /* SpeechRecognizer.swift in Sources */ = {isa = PBXBuildFile; fileRef = 188CB7A72C26B12700A6F265 /* SpeechRecognizer.swift */; };
		188CB7AC2C27DD1700A6F265 /* HistoryView.swift in Sources */ = {isa = PBXBuildFile; fileRef = 188CB7AB2C27DD1700A6F265 /* HistoryView.swift */; };
		18DCEA1D2C143F11006B180D /* MeetingHeaderView.swift in Sources */ = {isa = PBXBuildFile; fileRef = 18DCEA1C2C143F11006B180D /* MeetingHeaderView.swift */; };
		18DCEA1F2C156A61006B180D /* ScrumTimer.swift in Sources */ = {isa = PBXBuildFile; fileRef = 18DCEA1E2C156A61006B180D /* ScrumTimer.swift */; };
		18DCEA212C156EDB006B180D /* MeetingFooterView.swift in Sources */ = {isa = PBXBuildFile; fileRef = 18DCEA202C156EDB006B180D /* MeetingFooterView.swift */; };
		18DCEA252C15742B006B180D /* ding.wav in Resources */ = {isa = PBXBuildFile; fileRef = 18DCEA222C15742B006B180D /* ding.wav */; };
		18DCEA282C1578C6006B180D /* NewScrumSheet.swift in Sources */ = {isa = PBXBuildFile; fileRef = 18DCEA272C1578C6006B180D /* NewScrumSheet.swift */; };
		18DCEA2A2C157BD0006B180D /* History.swift in Sources */ = {isa = PBXBuildFile; fileRef = 18DCEA292C157BD0006B180D /* History.swift */; };
		18DCEA2C2C15A251006B180D /* ScrumStore.swift in Sources */ = {isa = PBXBuildFile; fileRef = 18DCEA2B2C15A251006B180D /* ScrumStore.swift */; };
		18FD4CAD2C01C57100D1C099 /* Theme.swift in Sources */ = {isa = PBXBuildFile; fileRef = 18FD4CAC2C01C57100D1C099 /* Theme.swift */; };
		18FD4CAF2C01C5C400D1C099 /* DailyScrum.swift in Sources */ = {isa = PBXBuildFile; fileRef = 18FD4CAE2C01C5C400D1C099 /* DailyScrum.swift */; };
		18FD4CB12C01C60000D1C099 /* CardView.swift in Sources */ = {isa = PBXBuildFile; fileRef = 18FD4CB02C01C60000D1C099 /* CardView.swift */; };
		18FD4CB32C02F9D500D1C099 /* ScrumsView.swift in Sources */ = {isa = PBXBuildFile; fileRef = 18FD4CB22C02F9D500D1C099 /* ScrumsView.swift */; };
		18FD4CB52C0326FA00D1C099 /* TrailingIconLabelStyle.swift in Sources */ = {isa = PBXBuildFile; fileRef = 18FD4CB42C0326FA00D1C099 /* TrailingIconLabelStyle.swift */; };
		18FD4CB72C03272300D1C099 /* DetailView.swift in Sources */ = {isa = PBXBuildFile; fileRef = 18FD4CB62C03272300D1C099 /* DetailView.swift */; };
		D80D67012BF0BCA40060ED25 /* ScrumdingerApp.swift in Sources */ = {isa = PBXBuildFile; fileRef = D80D67002BF0BCA40060ED25 /* ScrumdingerApp.swift */; };
		D80D67032BF0BCA40060ED25 /* MeetingView.swift in Sources */ = {isa = PBXBuildFile; fileRef = D80D67022BF0BCA40060ED25 /* MeetingView.swift */; };
		D80D67052BF0BCA60060ED25 /* Assets.xcassets in Resources */ = {isa = PBXBuildFile; fileRef = D80D67042BF0BCA60060ED25 /* Assets.xcassets */; };
		D80D67082BF0BCA60060ED25 /* Preview Assets.xcassets in Resources */ = {isa = PBXBuildFile; fileRef = D80D67072BF0BCA60060ED25 /* Preview Assets.xcassets */; };
		D80D67122BF0BCA60060ED25 /* ScrumdingerTests.swift in Sources */ = {isa = PBXBuildFile; fileRef = D80D67112BF0BCA60060ED25 /* ScrumdingerTests.swift */; };
		D80D671C2BF0BCA60060ED25 /* ScrumdingerUITests.swift in Sources */ = {isa = PBXBuildFile; fileRef = D80D671B2BF0BCA60060ED25 /* ScrumdingerUITests.swift */; };
		D80D671E2BF0BCA60060ED25 /* ScrumdingerUITestsLaunchTests.swift in Sources */ = {isa = PBXBuildFile; fileRef = D80D671D2BF0BCA60060ED25 /* ScrumdingerUITestsLaunchTests.swift */; };
/* End PBXBuildFile section */

/* Begin PBXContainerItemProxy section */
		D80D670E2BF0BCA60060ED25 /* PBXContainerItemProxy */ = {
			isa = PBXContainerItemProxy;
			containerPortal = D80D66F52BF0BCA40060ED25 /* Project object */;
			proxyType = 1;
			remoteGlobalIDString = D80D66FC2BF0BCA40060ED25;
			remoteInfo = Scrumdinger;
		};
		D80D67182BF0BCA60060ED25 /* PBXContainerItemProxy */ = {
			isa = PBXContainerItemProxy;
			containerPortal = D80D66F52BF0BCA40060ED25 /* Project object */;
			proxyType = 1;
			remoteGlobalIDString = D80D66FC2BF0BCA40060ED25;
			remoteInfo = Scrumdinger;
		};
/* End PBXContainerItemProxy section */

/* Begin PBXFileReference section */
		181DAA102C0AE0CD00298ECC /* DetailEditView.swift */ = {isa = PBXFileReference; lastKnownFileType = sourcecode.swift; path = DetailEditView.swift; sourceTree = "<group>"; };
		181DAA122C0AF62000298ECC /* ThemeView.swift */ = {isa = PBXFileReference; lastKnownFileType = sourcecode.swift; path = ThemeView.swift; sourceTree = "<group>"; };
		181DAA142C0B0DB700298ECC /* ThemePicker.swift */ = {isa = PBXFileReference; lastKnownFileType = sourcecode.swift; path = ThemePicker.swift; sourceTree = "<group>"; };
		18238F062C200463006A1CE3 /* ErrorWrapper.swift */ = {isa = PBXFileReference; lastKnownFileType = sourcecode.swift; path = ErrorWrapper.swift; sourceTree = "<group>"; };
		18238F082C2004A2006A1CE3 /* ErrorView.swift */ = {isa = PBXFileReference; lastKnownFileType = sourcecode.swift; path = ErrorView.swift; sourceTree = "<group>"; };
		18238F0A2C20196A006A1CE3 /* MeetingTimerView.swift */ = {isa = PBXFileReference; lastKnownFileType = sourcecode.swift; path = MeetingTimerView.swift; sourceTree = "<group>"; };
		18238F112C203A69006A1CE3 /* SpeakerArc.swift */ = {isa = PBXFileReference; lastKnownFileType = sourcecode.swift; path = SpeakerArc.swift; sourceTree = "<group>"; };
		188CB7A72C26B12700A6F265 /* SpeechRecognizer.swift */ = {isa = PBXFileReference; lastKnownFileType = sourcecode.swift; path = SpeechRecognizer.swift; sourceTree = "<group>"; };
		188CB7AB2C27DD1700A6F265 /* HistoryView.swift */ = {isa = PBXFileReference; lastKnownFileType = sourcecode.swift; path = HistoryView.swift; sourceTree = "<group>"; };
		18DCEA1C2C143F11006B180D /* MeetingHeaderView.swift */ = {isa = PBXFileReference; lastKnownFileType = sourcecode.swift; path = MeetingHeaderView.swift; sourceTree = "<group>"; };
		18DCEA1E2C156A61006B180D /* ScrumTimer.swift */ = {isa = PBXFileReference; lastKnownFileType = sourcecode.swift; path = ScrumTimer.swift; sourceTree = "<group>"; };
		18DCEA202C156EDB006B180D /* MeetingFooterView.swift */ = {isa = PBXFileReference; lastKnownFileType = sourcecode.swift; path = MeetingFooterView.swift; sourceTree = "<group>"; };
		18DCEA222C15742B006B180D /* ding.wav */ = {isa = PBXFileReference; lastKnownFileType = audio.wav; path = ding.wav; sourceTree = "<group>"; };
		18DCEA272C1578C6006B180D /* NewScrumSheet.swift */ = {isa = PBXFileReference; lastKnownFileType = sourcecode.swift; path = NewScrumSheet.swift; sourceTree = "<group>"; };
		18DCEA292C157BD0006B180D /* History.swift */ = {isa = PBXFileReference; lastKnownFileType = sourcecode.swift; path = History.swift; sourceTree = "<group>"; };
		18DCEA2B2C15A251006B180D /* ScrumStore.swift */ = {isa = PBXFileReference; lastKnownFileType = sourcecode.swift; path = ScrumStore.swift; sourceTree = "<group>"; };
		18FD4CAC2C01C57100D1C099 /* Theme.swift */ = {isa = PBXFileReference; lastKnownFileType = sourcecode.swift; path = Theme.swift; sourceTree = "<group>"; };
		18FD4CAE2C01C5C400D1C099 /* DailyScrum.swift */ = {isa = PBXFileReference; lastKnownFileType = sourcecode.swift; path = DailyScrum.swift; sourceTree = "<group>"; };
		18FD4CB02C01C60000D1C099 /* CardView.swift */ = {isa = PBXFileReference; lastKnownFileType = sourcecode.swift; path = CardView.swift; sourceTree = "<group>"; };
		18FD4CB22C02F9D500D1C099 /* ScrumsView.swift */ = {isa = PBXFileReference; lastKnownFileType = sourcecode.swift; path = ScrumsView.swift; sourceTree = "<group>"; };
		18FD4CB42C0326FA00D1C099 /* TrailingIconLabelStyle.swift */ = {isa = PBXFileReference; lastKnownFileType = sourcecode.swift; path = TrailingIconLabelStyle.swift; sourceTree = "<group>"; };
		18FD4CB62C03272300D1C099 /* DetailView.swift */ = {isa = PBXFileReference; lastKnownFileType = sourcecode.swift; path = DetailView.swift; sourceTree = "<group>"; };
		D80D66FD2BF0BCA40060ED25 /* Scrumdinger.app */ = {isa = PBXFileReference; explicitFileType = wrapper.application; includeInIndex = 0; path = Scrumdinger.app; sourceTree = BUILT_PRODUCTS_DIR; };
		D80D67002BF0BCA40060ED25 /* ScrumdingerApp.swift */ = {isa = PBXFileReference; lastKnownFileType = sourcecode.swift; path = ScrumdingerApp.swift; sourceTree = "<group>"; };
		D80D67022BF0BCA40060ED25 /* MeetingView.swift */ = {isa = PBXFileReference; lastKnownFileType = sourcecode.swift; path = MeetingView.swift; sourceTree = "<group>"; };
		D80D67042BF0BCA60060ED25 /* Assets.xcassets */ = {isa = PBXFileReference; lastKnownFileType = folder.assetcatalog; path = Assets.xcassets; sourceTree = "<group>"; };
		D80D67072BF0BCA60060ED25 /* Preview Assets.xcassets */ = {isa = PBXFileReference; lastKnownFileType = folder.assetcatalog; path = "Preview Assets.xcassets"; sourceTree = "<group>"; };
		D80D670D2BF0BCA60060ED25 /* ScrumdingerTests.xctest */ = {isa = PBXFileReference; explicitFileType = wrapper.cfbundle; includeInIndex = 0; path = ScrumdingerTests.xctest; sourceTree = BUILT_PRODUCTS_DIR; };
		D80D67112BF0BCA60060ED25 /* ScrumdingerTests.swift */ = {isa = PBXFileReference; lastKnownFileType = sourcecode.swift; path = ScrumdingerTests.swift; sourceTree = "<group>"; };
		D80D67172BF0BCA60060ED25 /* ScrumdingerUITests.xctest */ = {isa = PBXFileReference; explicitFileType = wrapper.cfbundle; includeInIndex = 0; path = ScrumdingerUITests.xctest; sourceTree = BUILT_PRODUCTS_DIR; };
		D80D671B2BF0BCA60060ED25 /* ScrumdingerUITests.swift */ = {isa = PBXFileReference; lastKnownFileType = sourcecode.swift; path = ScrumdingerUITests.swift; sourceTree = "<group>"; };
		D80D671D2BF0BCA60060ED25 /* ScrumdingerUITestsLaunchTests.swift */ = {isa = PBXFileReference; lastKnownFileType = sourcecode.swift; path = ScrumdingerUITestsLaunchTests.swift; sourceTree = "<group>"; };
/* End PBXFileReference section */

/* Begin PBXFrameworksBuildPhase section */
		D80D66FA2BF0BCA40060ED25 /* Frameworks */ = {
			isa = PBXFrameworksBuildPhase;
			buildActionMask = 2147483647;
			files = (
			);
			runOnlyForDeploymentPostprocessing = 0;
		};
		D80D670A2BF0BCA60060ED25 /* Frameworks */ = {
			isa = PBXFrameworksBuildPhase;
			buildActionMask = 2147483647;
			files = (
			);
			runOnlyForDeploymentPostprocessing = 0;
		};
		D80D67142BF0BCA60060ED25 /* Frameworks */ = {
			isa = PBXFrameworksBuildPhase;
			buildActionMask = 2147483647;
			files = (
			);
			runOnlyForDeploymentPostprocessing = 0;
		};
/* End PBXFrameworksBuildPhase section */

/* Begin PBXGroup section */
		18238F0C2C203929006A1CE3 /* Views */ = {
			isa = PBXGroup;
			children = (
				18238F102C2039B2006A1CE3 /* Helpers */,
				18238F0F2C203995006A1CE3 /* DetailView */,
				18238F0E2C20394B006A1CE3 /* Meeting */,
				18238F0D2C203932006A1CE3 /* ScrumList */,
			);
			path = Views;
			sourceTree = "<group>";
		};
		18238F0D2C203932006A1CE3 /* ScrumList */ = {
			isa = PBXGroup;
			children = (
				18FD4CB22C02F9D500D1C099 /* ScrumsView.swift */,
				18FD4CB02C01C60000D1C099 /* CardView.swift */,
			);
			path = ScrumList;
			sourceTree = "<group>";
		};
		18238F0E2C20394B006A1CE3 /* Meeting */ = {
			isa = PBXGroup;
			children = (
				D80D67022BF0BCA40060ED25 /* MeetingView.swift */,
				18DCEA1C2C143F11006B180D /* MeetingHeaderView.swift */,
				18DCEA202C156EDB006B180D /* MeetingFooterView.swift */,
				18238F0A2C20196A006A1CE3 /* MeetingTimerView.swift */,
				18238F112C203A69006A1CE3 /* SpeakerArc.swift */,
			);
			path = Meeting;
			sourceTree = "<group>";
		};
		18238F0F2C203995006A1CE3 /* DetailView */ = {
			isa = PBXGroup;
			children = (
				18FD4CB62C03272300D1C099 /* DetailView.swift */,
				181DAA102C0AE0CD00298ECC /* DetailEditView.swift */,
				18DCEA272C1578C6006B180D /* NewScrumSheet.swift */,
				181DAA122C0AF62000298ECC /* ThemeView.swift */,
				181DAA142C0B0DB700298ECC /* ThemePicker.swift */,
				188CB7AB2C27DD1700A6F265 /* HistoryView.swift */,
			);
			path = DetailView;
			sourceTree = "<group>";
		};
		18238F102C2039B2006A1CE3 /* Helpers */ = {
			isa = PBXGroup;
			children = (
				18FD4CB42C0326FA00D1C099 /* TrailingIconLabelStyle.swift */,
				18238F082C2004A2006A1CE3 /* ErrorView.swift */,
			);
			path = Helpers;
			sourceTree = "<group>";
		};
		18DCEA232C15742B006B180D /* audios */ = {
			isa = PBXGroup;
			children = (
				18DCEA222C15742B006B180D /* ding.wav */,
			);
			path = audios;
			sourceTree = "<group>";
		};
		18FD4CAB2C01C54F00D1C099 /* Models */ = {
			isa = PBXGroup;
			children = (
				18FD4CAC2C01C57100D1C099 /* Theme.swift */,
				18FD4CAE2C01C5C400D1C099 /* DailyScrum.swift */,
				18DCEA1E2C156A61006B180D /* ScrumTimer.swift */,
				18DCEA292C157BD0006B180D /* History.swift */,
				18DCEA2B2C15A251006B180D /* ScrumStore.swift */,
				18238F062C200463006A1CE3 /* ErrorWrapper.swift */,
				188CB7A72C26B12700A6F265 /* SpeechRecognizer.swift */,
			);
			path = Models;
			sourceTree = "<group>";
		};
		D80D66F42BF0BCA40060ED25 = {
			isa = PBXGroup;
			children = (
				D80D66FF2BF0BCA40060ED25 /* Scrumdinger */,
				D80D67102BF0BCA60060ED25 /* ScrumdingerTests */,
				D80D671A2BF0BCA60060ED25 /* ScrumdingerUITests */,
				D80D66FE2BF0BCA40060ED25 /* Products */,
			);
			sourceTree = "<group>";
		};
		D80D66FE2BF0BCA40060ED25 /* Products */ = {
			isa = PBXGroup;
			children = (
				D80D66FD2BF0BCA40060ED25 /* Scrumdinger.app */,
				D80D670D2BF0BCA60060ED25 /* ScrumdingerTests.xctest */,
				D80D67172BF0BCA60060ED25 /* ScrumdingerUITests.xctest */,
			);
			name = Products;
			sourceTree = "<group>";
		};
		D80D66FF2BF0BCA40060ED25 /* Scrumdinger */ = {
			isa = PBXGroup;
			children = (
				18238F0C2C203929006A1CE3 /* Views */,
				18DCEA232C15742B006B180D /* audios */,
				18FD4CAB2C01C54F00D1C099 /* Models */,
				D80D67002BF0BCA40060ED25 /* ScrumdingerApp.swift */,
				D80D67042BF0BCA60060ED25 /* Assets.xcassets */,
				D80D67062BF0BCA60060ED25 /* Preview Content */,
			);
			path = Scrumdinger;
			sourceTree = "<group>";
		};
		D80D67062BF0BCA60060ED25 /* Preview Content */ = {
			isa = PBXGroup;
			children = (
				D80D67072BF0BCA60060ED25 /* Preview Assets.xcassets */,
			);
			path = "Preview Content";
			sourceTree = "<group>";
		};
		D80D67102BF0BCA60060ED25 /* ScrumdingerTests */ = {
			isa = PBXGroup;
			children = (
				D80D67112BF0BCA60060ED25 /* ScrumdingerTests.swift */,
			);
			path = ScrumdingerTests;
			sourceTree = "<group>";
		};
		D80D671A2BF0BCA60060ED25 /* ScrumdingerUITests */ = {
			isa = PBXGroup;
			children = (
				D80D671B2BF0BCA60060ED25 /* ScrumdingerUITests.swift */,
				D80D671D2BF0BCA60060ED25 /* ScrumdingerUITestsLaunchTests.swift */,
			);
			path = ScrumdingerUITests;
			sourceTree = "<group>";
		};
/* End PBXGroup section */

/* Begin PBXNativeTarget section */
		D80D66FC2BF0BCA40060ED25 /* Scrumdinger */ = {
			isa = PBXNativeTarget;
			buildConfigurationList = D80D67212BF0BCA60060ED25 /* Build configuration list for PBXNativeTarget "Scrumdinger" */;
			buildPhases = (
				D80D66F92BF0BCA40060ED25 /* Sources */,
				D80D66FA2BF0BCA40060ED25 /* Frameworks */,
				D80D66FB2BF0BCA40060ED25 /* Resources */,
			);
			buildRules = (
			);
			dependencies = (
			);
			name = Scrumdinger;
			productName = Scrumdinger;
			productReference = D80D66FD2BF0BCA40060ED25 /* Scrumdinger.app */;
			productType = "com.apple.product-type.application";
		};
		D80D670C2BF0BCA60060ED25 /* ScrumdingerTests */ = {
			isa = PBXNativeTarget;
			buildConfigurationList = D80D67242BF0BCA60060ED25 /* Build configuration list for PBXNativeTarget "ScrumdingerTests" */;
			buildPhases = (
				D80D67092BF0BCA60060ED25 /* Sources */,
				D80D670A2BF0BCA60060ED25 /* Frameworks */,
				D80D670B2BF0BCA60060ED25 /* Resources */,
			);
			buildRules = (
			);
			dependencies = (
				D80D670F2BF0BCA60060ED25 /* PBXTargetDependency */,
			);
			name = ScrumdingerTests;
			productName = ScrumdingerTests;
			productReference = D80D670D2BF0BCA60060ED25 /* ScrumdingerTests.xctest */;
			productType = "com.apple.product-type.bundle.unit-test";
		};
		D80D67162BF0BCA60060ED25 /* ScrumdingerUITests */ = {
			isa = PBXNativeTarget;
			buildConfigurationList = D80D67272BF0BCA60060ED25 /* Build configuration list for PBXNativeTarget "ScrumdingerUITests" */;
			buildPhases = (
				D80D67132BF0BCA60060ED25 /* Sources */,
				D80D67142BF0BCA60060ED25 /* Frameworks */,
				D80D67152BF0BCA60060ED25 /* Resources */,
			);
			buildRules = (
			);
			dependencies = (
				D80D67192BF0BCA60060ED25 /* PBXTargetDependency */,
			);
			name = ScrumdingerUITests;
			productName = ScrumdingerUITests;
			productReference = D80D67172BF0BCA60060ED25 /* ScrumdingerUITests.xctest */;
			productType = "com.apple.product-type.bundle.ui-testing";
		};
/* End PBXNativeTarget section */

/* Begin PBXProject section */
		D80D66F52BF0BCA40060ED25 /* Project object */ = {
			isa = PBXProject;
			attributes = {
				BuildIndependentTargetsInParallel = 1;
				LastSwiftUpdateCheck = 1530;
				LastUpgradeCheck = 1530;
				TargetAttributes = {
					D80D66FC2BF0BCA40060ED25 = {
						CreatedOnToolsVersion = 15.3;
					};
					D80D670C2BF0BCA60060ED25 = {
						CreatedOnToolsVersion = 15.3;
						TestTargetID = D80D66FC2BF0BCA40060ED25;
					};
					D80D67162BF0BCA60060ED25 = {
						CreatedOnToolsVersion = 15.3;
						TestTargetID = D80D66FC2BF0BCA40060ED25;
					};
				};
			};
			buildConfigurationList = D80D66F82BF0BCA40060ED25 /* Build configuration list for PBXProject "Scrumdinger" */;
			compatibilityVersion = "Xcode 14.0";
			developmentRegion = en;
			hasScannedForEncodings = 0;
			knownRegions = (
				en,
				Base,
			);
			mainGroup = D80D66F42BF0BCA40060ED25;
			productRefGroup = D80D66FE2BF0BCA40060ED25 /* Products */;
			projectDirPath = "";
			projectRoot = "";
			targets = (
				D80D66FC2BF0BCA40060ED25 /* Scrumdinger */,
				D80D670C2BF0BCA60060ED25 /* ScrumdingerTests */,
				D80D67162BF0BCA60060ED25 /* ScrumdingerUITests */,
			);
		};
/* End PBXProject section */

/* Begin PBXResourcesBuildPhase section */
		D80D66FB2BF0BCA40060ED25 /* Resources */ = {
			isa = PBXResourcesBuildPhase;
			buildActionMask = 2147483647;
			files = (
				18DCEA252C15742B006B180D /* ding.wav in Resources */,
				D80D67082BF0BCA60060ED25 /* Preview Assets.xcassets in Resources */,
				D80D67052BF0BCA60060ED25 /* Assets.xcassets in Resources */,
			);
			runOnlyForDeploymentPostprocessing = 0;
		};
		D80D670B2BF0BCA60060ED25 /* Resources */ = {
			isa = PBXResourcesBuildPhase;
			buildActionMask = 2147483647;
			files = (
			);
			runOnlyForDeploymentPostprocessing = 0;
		};
		D80D67152BF0BCA60060ED25 /* Resources */ = {
			isa = PBXResourcesBuildPhase;
			buildActionMask = 2147483647;
			files = (
			);
			runOnlyForDeploymentPostprocessing = 0;
		};
/* End PBXResourcesBuildPhase section */

/* Begin PBXSourcesBuildPhase section */
		D80D66F92BF0BCA40060ED25 /* Sources */ = {
			isa = PBXSourcesBuildPhase;
			buildActionMask = 2147483647;
			files = (
				18DCEA2C2C15A251006B180D /* ScrumStore.swift in Sources */,
				181DAA152C0B0DB700298ECC /* ThemePicker.swift in Sources */,
				18238F0B2C20196A006A1CE3 /* MeetingTimerView.swift in Sources */,
				18238F092C2004A2006A1CE3 /* ErrorView.swift in Sources */,
				18FD4CAF2C01C5C400D1C099 /* DailyScrum.swift in Sources */,
				18FD4CB72C03272300D1C099 /* DetailView.swift in Sources */,
				188CB7AC2C27DD1700A6F265 /* HistoryView.swift in Sources */,
				18DCEA212C156EDB006B180D /* MeetingFooterView.swift in Sources */,
				18DCEA1D2C143F11006B180D /* MeetingHeaderView.swift in Sources */,
				181DAA112C0AE0CD00298ECC /* DetailEditView.swift in Sources */,
				18FD4CB32C02F9D500D1C099 /* ScrumsView.swift in Sources */,
				18DCEA282C1578C6006B180D /* NewScrumSheet.swift in Sources */,
				18FD4CB52C0326FA00D1C099 /* TrailingIconLabelStyle.swift in Sources */,
				18238F122C203A69006A1CE3 /* SpeakerArc.swift in Sources */,
				188CB7A82C26B12700A6F265 /* SpeechRecognizer.swift in Sources */,
				18FD4CAD2C01C57100D1C099 /* Theme.swift in Sources */,
				18DCEA2A2C157BD0006B180D /* History.swift in Sources */,
				18238F072C200463006A1CE3 /* ErrorWrapper.swift in Sources */,
				D80D67032BF0BCA40060ED25 /* MeetingView.swift in Sources */,
				D80D67012BF0BCA40060ED25 /* ScrumdingerApp.swift in Sources */,
				181DAA132C0AF62000298ECC /* ThemeView.swift in Sources */,
				18FD4CB12C01C60000D1C099 /* CardView.swift in Sources */,
				18DCEA1F2C156A61006B180D /* ScrumTimer.swift in Sources */,
			);
			runOnlyForDeploymentPostprocessing = 0;
		};
		D80D67092BF0BCA60060ED25 /* Sources */ = {
			isa = PBXSourcesBuildPhase;
			buildActionMask = 2147483647;
			files = (
				D80D67122BF0BCA60060ED25 /* ScrumdingerTests.swift in Sources */,
			);
			runOnlyForDeploymentPostprocessing = 0;
		};
		D80D67132BF0BCA60060ED25 /* Sources */ = {
			isa = PBXSourcesBuildPhase;
			buildActionMask = 2147483647;
			files = (
				D80D671E2BF0BCA60060ED25 /* ScrumdingerUITestsLaunchTests.swift in Sources */,
				D80D671C2BF0BCA60060ED25 /* ScrumdingerUITests.swift in Sources */,
			);
			runOnlyForDeploymentPostprocessing = 0;
		};
/* End PBXSourcesBuildPhase section */

/* Begin PBXTargetDependency section */
		D80D670F2BF0BCA60060ED25 /* PBXTargetDependency */ = {
			isa = PBXTargetDependency;
			target = D80D66FC2BF0BCA40060ED25 /* Scrumdinger */;
			targetProxy = D80D670E2BF0BCA60060ED25 /* PBXContainerItemProxy */;
		};
		D80D67192BF0BCA60060ED25 /* PBXTargetDependency */ = {
			isa = PBXTargetDependency;
			target = D80D66FC2BF0BCA40060ED25 /* Scrumdinger */;
			targetProxy = D80D67182BF0BCA60060ED25 /* PBXContainerItemProxy */;
		};
/* End PBXTargetDependency section */

/* Begin XCBuildConfiguration section */
		D80D671F2BF0BCA60060ED25 /* Debug */ = {
			isa = XCBuildConfiguration;
			buildSettings = {
				ALWAYS_SEARCH_USER_PATHS = NO;
				ASSETCATALOG_COMPILER_GENERATE_SWIFT_ASSET_SYMBOL_EXTENSIONS = YES;
				CLANG_ANALYZER_NONNULL = YES;
				CLANG_ANALYZER_NUMBER_OBJECT_CONVERSION = YES_AGGRESSIVE;
				CLANG_CXX_LANGUAGE_STANDARD = "gnu++20";
				CLANG_ENABLE_MODULES = YES;
				CLANG_ENABLE_OBJC_ARC = YES;
				CLANG_ENABLE_OBJC_WEAK = YES;
				CLANG_WARN_BLOCK_CAPTURE_AUTORELEASING = YES;
				CLANG_WARN_BOOL_CONVERSION = YES;
				CLANG_WARN_COMMA = YES;
				CLANG_WARN_CONSTANT_CONVERSION = YES;
				CLANG_WARN_DEPRECATED_OBJC_IMPLEMENTATIONS = YES;
				CLANG_WARN_DIRECT_OBJC_ISA_USAGE = YES_ERROR;
				CLANG_WARN_DOCUMENTATION_COMMENTS = YES;
				CLANG_WARN_EMPTY_BODY = YES;
				CLANG_WARN_ENUM_CONVERSION = YES;
				CLANG_WARN_INFINITE_RECURSION = YES;
				CLANG_WARN_INT_CONVERSION = YES;
				CLANG_WARN_NON_LITERAL_NULL_CONVERSION = YES;
				CLANG_WARN_OBJC_IMPLICIT_RETAIN_SELF = YES;
				CLANG_WARN_OBJC_LITERAL_CONVERSION = YES;
				CLANG_WARN_OBJC_ROOT_CLASS = YES_ERROR;
				CLANG_WARN_QUOTED_INCLUDE_IN_FRAMEWORK_HEADER = YES;
				CLANG_WARN_RANGE_LOOP_ANALYSIS = YES;
				CLANG_WARN_STRICT_PROTOTYPES = YES;
				CLANG_WARN_SUSPICIOUS_MOVE = YES;
				CLANG_WARN_UNGUARDED_AVAILABILITY = YES_AGGRESSIVE;
				CLANG_WARN_UNREACHABLE_CODE = YES;
				CLANG_WARN__DUPLICATE_METHOD_MATCH = YES;
				COPY_PHASE_STRIP = NO;
				DEBUG_INFORMATION_FORMAT = dwarf;
				ENABLE_STRICT_OBJC_MSGSEND = YES;
				ENABLE_TESTABILITY = YES;
				ENABLE_USER_SCRIPT_SANDBOXING = YES;
				GCC_C_LANGUAGE_STANDARD = gnu17;
				GCC_DYNAMIC_NO_PIC = NO;
				GCC_NO_COMMON_BLOCKS = YES;
				GCC_OPTIMIZATION_LEVEL = 0;
				GCC_PREPROCESSOR_DEFINITIONS = (
					"DEBUG=1",
					"$(inherited)",
				);
				GCC_WARN_64_TO_32_BIT_CONVERSION = YES;
				GCC_WARN_ABOUT_RETURN_TYPE = YES_ERROR;
				GCC_WARN_UNDECLARED_SELECTOR = YES;
				GCC_WARN_UNINITIALIZED_AUTOS = YES_AGGRESSIVE;
				GCC_WARN_UNUSED_FUNCTION = YES;
				GCC_WARN_UNUSED_VARIABLE = YES;
				IPHONEOS_DEPLOYMENT_TARGET = 17.4;
				LOCALIZATION_PREFERS_STRING_CATALOGS = YES;
				MTL_ENABLE_DEBUG_INFO = INCLUDE_SOURCE;
				MTL_FAST_MATH = YES;
				ONLY_ACTIVE_ARCH = YES;
				SDKROOT = iphoneos;
				SWIFT_ACTIVE_COMPILATION_CONDITIONS = "DEBUG $(inherited)";
				SWIFT_OPTIMIZATION_LEVEL = "-Onone";
			};
			name = Debug;
		};
		D80D67202BF0BCA60060ED25 /* Release */ = {
			isa = XCBuildConfiguration;
			buildSettings = {
				ALWAYS_SEARCH_USER_PATHS = NO;
				ASSETCATALOG_COMPILER_GENERATE_SWIFT_ASSET_SYMBOL_EXTENSIONS = YES;
				CLANG_ANALYZER_NONNULL = YES;
				CLANG_ANALYZER_NUMBER_OBJECT_CONVERSION = YES_AGGRESSIVE;
				CLANG_CXX_LANGUAGE_STANDARD = "gnu++20";
				CLANG_ENABLE_MODULES = YES;
				CLANG_ENABLE_OBJC_ARC = YES;
				CLANG_ENABLE_OBJC_WEAK = YES;
				CLANG_WARN_BLOCK_CAPTURE_AUTORELEASING = YES;
				CLANG_WARN_BOOL_CONVERSION = YES;
				CLANG_WARN_COMMA = YES;
				CLANG_WARN_CONSTANT_CONVERSION = YES;
				CLANG_WARN_DEPRECATED_OBJC_IMPLEMENTATIONS = YES;
				CLANG_WARN_DIRECT_OBJC_ISA_USAGE = YES_ERROR;
				CLANG_WARN_DOCUMENTATION_COMMENTS = YES;
				CLANG_WARN_EMPTY_BODY = YES;
				CLANG_WARN_ENUM_CONVERSION = YES;
				CLANG_WARN_INFINITE_RECURSION = YES;
				CLANG_WARN_INT_CONVERSION = YES;
				CLANG_WARN_NON_LITERAL_NULL_CONVERSION = YES;
				CLANG_WARN_OBJC_IMPLICIT_RETAIN_SELF = YES;
				CLANG_WARN_OBJC_LITERAL_CONVERSION = YES;
				CLANG_WARN_OBJC_ROOT_CLASS = YES_ERROR;
				CLANG_WARN_QUOTED_INCLUDE_IN_FRAMEWORK_HEADER = YES;
				CLANG_WARN_RANGE_LOOP_ANALYSIS = YES;
				CLANG_WARN_STRICT_PROTOTYPES = YES;
				CLANG_WARN_SUSPICIOUS_MOVE = YES;
				CLANG_WARN_UNGUARDED_AVAILABILITY = YES_AGGRESSIVE;
				CLANG_WARN_UNREACHABLE_CODE = YES;
				CLANG_WARN__DUPLICATE_METHOD_MATCH = YES;
				COPY_PHASE_STRIP = NO;
				DEBUG_INFORMATION_FORMAT = "dwarf-with-dsym";
				ENABLE_NS_ASSERTIONS = NO;
				ENABLE_STRICT_OBJC_MSGSEND = YES;
				ENABLE_USER_SCRIPT_SANDBOXING = YES;
				GCC_C_LANGUAGE_STANDARD = gnu17;
				GCC_NO_COMMON_BLOCKS = YES;
				GCC_WARN_64_TO_32_BIT_CONVERSION = YES;
				GCC_WARN_ABOUT_RETURN_TYPE = YES_ERROR;
				GCC_WARN_UNDECLARED_SELECTOR = YES;
				GCC_WARN_UNINITIALIZED_AUTOS = YES_AGGRESSIVE;
				GCC_WARN_UNUSED_FUNCTION = YES;
				GCC_WARN_UNUSED_VARIABLE = YES;
				IPHONEOS_DEPLOYMENT_TARGET = 17.4;
				LOCALIZATION_PREFERS_STRING_CATALOGS = YES;
				MTL_ENABLE_DEBUG_INFO = NO;
				MTL_FAST_MATH = YES;
				SDKROOT = iphoneos;
				SWIFT_COMPILATION_MODE = wholemodule;
				VALIDATE_PRODUCT = YES;
			};
			name = Release;
		};
		D80D67222BF0BCA60060ED25 /* Debug */ = {
			isa = XCBuildConfiguration;
			buildSettings = {
				ASSETCATALOG_COMPILER_APPICON_NAME = AppIcon;
				ASSETCATALOG_COMPILER_GLOBAL_ACCENT_COLOR_NAME = AccentColor;
				CODE_SIGN_STYLE = Automatic;
				CURRENT_PROJECT_VERSION = 1;
				DEVELOPMENT_ASSET_PATHS = "\"Scrumdinger/Preview Content\"";
				ENABLE_PREVIEWS = YES;
				GENERATE_INFOPLIST_FILE = YES;
				INFOPLIST_KEY_NSMicrophoneUsageDescription = "Audio is recorded to transcribe the meeting. Audio recordings are discarded after transcription.";
				INFOPLIST_KEY_NSSpeechRecognitionUsageDescription = "Need to record audio ";
				INFOPLIST_KEY_UIApplicationSceneManifest_Generation = YES;
				INFOPLIST_KEY_UIApplicationSupportsIndirectInputEvents = YES;
				INFOPLIST_KEY_UILaunchScreen_Generation = YES;
				INFOPLIST_KEY_UISupportedInterfaceOrientations_iPad = "UIInterfaceOrientationPortrait UIInterfaceOrientationPortraitUpsideDown UIInterfaceOrientationLandscapeLeft UIInterfaceOrientationLandscapeRight";
				INFOPLIST_KEY_UISupportedInterfaceOrientations_iPhone = "UIInterfaceOrientationPortrait UIInterfaceOrientationLandscapeLeft UIInterfaceOrientationLandscapeRight";
				IPHONEOS_DEPLOYMENT_TARGET = 16.2;
				LD_RUNPATH_SEARCH_PATHS = (
					"$(inherited)",
					"@executable_path/Frameworks",
				);
				MARKETING_VERSION = 1.0;
				PRODUCT_BUNDLE_IDENTIFIER = com.github.Crypto.Scrumdinger;
				PRODUCT_NAME = "$(TARGET_NAME)";
				SWIFT_EMIT_LOC_STRINGS = YES;
				SWIFT_VERSION = 5.0;
				TARGETED_DEVICE_FAMILY = "1,2";
			};
			name = Debug;
		};
		D80D67232BF0BCA60060ED25 /* Release */ = {
			isa = XCBuildConfiguration;
			buildSettings = {
				ASSETCATALOG_COMPILER_APPICON_NAME = AppIcon;
				ASSETCATALOG_COMPILER_GLOBAL_ACCENT_COLOR_NAME = AccentColor;
				CODE_SIGN_STYLE = Automatic;
				CURRENT_PROJECT_VERSION = 1;
				DEVELOPMENT_ASSET_PATHS = "\"Scrumdinger/Preview Content\"";
				ENABLE_PREVIEWS = YES;
				GENERATE_INFOPLIST_FILE = YES;
				INFOPLIST_KEY_NSMicrophoneUsageDescription = "Audio is recorded to transcribe the meeting. Audio recordings are discarded after transcription.";
				INFOPLIST_KEY_NSSpeechRecognitionUsageDescription = "Need to record audio ";
				INFOPLIST_KEY_UIApplicationSceneManifest_Generation = YES;
				INFOPLIST_KEY_UIApplicationSupportsIndirectInputEvents = YES;
				INFOPLIST_KEY_UILaunchScreen_Generation = YES;
				INFOPLIST_KEY_UISupportedInterfaceOrientations_iPad = "UIInterfaceOrientationPortrait UIInterfaceOrientationPortraitUpsideDown UIInterfaceOrientationLandscapeLeft UIInterfaceOrientationLandscapeRight";
				INFOPLIST_KEY_UISupportedInterfaceOrientations_iPhone = "UIInterfaceOrientationPortrait UIInterfaceOrientationLandscapeLeft UIInterfaceOrientationLandscapeRight";
				IPHONEOS_DEPLOYMENT_TARGET = 16.2;
				LD_RUNPATH_SEARCH_PATHS = (
					"$(inherited)",
					"@executable_path/Frameworks",
				);
				MARKETING_VERSION = 1.0;
				PRODUCT_BUNDLE_IDENTIFIER = com.github.Crypto.Scrumdinger;
				PRODUCT_NAME = "$(TARGET_NAME)";
				SWIFT_EMIT_LOC_STRINGS = YES;
				SWIFT_VERSION = 5.0;
				TARGETED_DEVICE_FAMILY = "1,2";
			};
			name = Release;
		};
		D80D67252BF0BCA60060ED25 /* Debug */ = {
			isa = XCBuildConfiguration;
			buildSettings = {
				ALWAYS_EMBED_SWIFT_STANDARD_LIBRARIES = YES;
				BUNDLE_LOADER = "$(TEST_HOST)";
				CODE_SIGN_STYLE = Automatic;
				CURRENT_PROJECT_VERSION = 1;
				GENERATE_INFOPLIST_FILE = YES;
				IPHONEOS_DEPLOYMENT_TARGET = 17.4;
				MARKETING_VERSION = 1.0;
				PRODUCT_BUNDLE_IDENTIFIER = com.github.Crypto.ScrumdingerTests;
				PRODUCT_NAME = "$(TARGET_NAME)";
				SWIFT_EMIT_LOC_STRINGS = NO;
				SWIFT_VERSION = 5.0;
				TARGETED_DEVICE_FAMILY = "1,2";
				TEST_HOST = "$(BUILT_PRODUCTS_DIR)/Scrumdinger.app/$(BUNDLE_EXECUTABLE_FOLDER_PATH)/Scrumdinger";
			};
			name = Debug;
		};
		D80D67262BF0BCA60060ED25 /* Release */ = {
			isa = XCBuildConfiguration;
			buildSettings = {
				ALWAYS_EMBED_SWIFT_STANDARD_LIBRARIES = YES;
				BUNDLE_LOADER = "$(TEST_HOST)";
				CODE_SIGN_STYLE = Automatic;
				CURRENT_PROJECT_VERSION = 1;
				GENERATE_INFOPLIST_FILE = YES;
				IPHONEOS_DEPLOYMENT_TARGET = 17.4;
				MARKETING_VERSION = 1.0;
				PRODUCT_BUNDLE_IDENTIFIER = com.github.Crypto.ScrumdingerTests;
				PRODUCT_NAME = "$(TARGET_NAME)";
				SWIFT_EMIT_LOC_STRINGS = NO;
				SWIFT_VERSION = 5.0;
				TARGETED_DEVICE_FAMILY = "1,2";
				TEST_HOST = "$(BUILT_PRODUCTS_DIR)/Scrumdinger.app/$(BUNDLE_EXECUTABLE_FOLDER_PATH)/Scrumdinger";
			};
			name = Release;
		};
		D80D67282BF0BCA60060ED25 /* Debug */ = {
			isa = XCBuildConfiguration;
			buildSettings = {
				ALWAYS_EMBED_SWIFT_STANDARD_LIBRARIES = YES;
				CODE_SIGN_STYLE = Automatic;
				CURRENT_PROJECT_VERSION = 1;
				GENERATE_INFOPLIST_FILE = YES;
				MARKETING_VERSION = 1.0;
				PRODUCT_BUNDLE_IDENTIFIER = com.github.Crypto.ScrumdingerUITests;
				PRODUCT_NAME = "$(TARGET_NAME)";
				SWIFT_EMIT_LOC_STRINGS = NO;
				SWIFT_VERSION = 5.0;
				TARGETED_DEVICE_FAMILY = "1,2";
				TEST_TARGET_NAME = Scrumdinger;
			};
			name = Debug;
		};
		D80D67292BF0BCA60060ED25 /* Release */ = {
			isa = XCBuildConfiguration;
			buildSettings = {
				ALWAYS_EMBED_SWIFT_STANDARD_LIBRARIES = YES;
				CODE_SIGN_STYLE = Automatic;
				CURRENT_PROJECT_VERSION = 1;
				GENERATE_INFOPLIST_FILE = YES;
				MARKETING_VERSION = 1.0;
				PRODUCT_BUNDLE_IDENTIFIER = com.github.Crypto.ScrumdingerUITests;
				PRODUCT_NAME = "$(TARGET_NAME)";
				SWIFT_EMIT_LOC_STRINGS = NO;
				SWIFT_VERSION = 5.0;
				TARGETED_DEVICE_FAMILY = "1,2";
				TEST_TARGET_NAME = Scrumdinger;
			};
			name = Release;
		};
/* End XCBuildConfiguration section */

/* Begin XCConfigurationList section */
		D80D66F82BF0BCA40060ED25 /* Build configuration list for PBXProject "Scrumdinger" */ = {
			isa = XCConfigurationList;
			buildConfigurations = (
				D80D671F2BF0BCA60060ED25 /* Debug */,
				D80D67202BF0BCA60060ED25 /* Release */,
			);
			defaultConfigurationIsVisible = 0;
			defaultConfigurationName = Release;
		};
		D80D67212BF0BCA60060ED25 /* Build configuration list for PBXNativeTarget "Scrumdinger" */ = {
			isa = XCConfigurationList;
			buildConfigurations = (
				D80D67222BF0BCA60060ED25 /* Debug */,
				D80D67232BF0BCA60060ED25 /* Release */,
			);
			defaultConfigurationIsVisible = 0;
			defaultConfigurationName = Release;
		};
		D80D67242BF0BCA60060ED25 /* Build configuration list for PBXNativeTarget "ScrumdingerTests" */ = {
			isa = XCConfigurationList;
			buildConfigurations = (
				D80D67252BF0BCA60060ED25 /* Debug */,
				D80D67262BF0BCA60060ED25 /* Release */,
			);
			defaultConfigurationIsVisible = 0;
			defaultConfigurationName = Release;
		};
		D80D67272BF0BCA60060ED25 /* Build configuration list for PBXNativeTarget "ScrumdingerUITests" */ = {
			isa = XCConfigurationList;
			buildConfigurations = (
				D80D67282BF0BCA60060ED25 /* Debug */,
				D80D67292BF0BCA60060ED25 /* Release */,
			);
			defaultConfigurationIsVisible = 0;
			defaultConfigurationName = Release;
		};
/* End XCConfigurationList section */
	};
	rootObject = D80D66F52BF0BCA40060ED25 /* Project object */;
}
